
Microsoft Visual Studio Solution File, Format Version 12.00
# Visual Studio Version 16
VisualStudioVersion = 16.0.32002.261
MinimumVisualStudioVersion = 10.0.40219.1
Project("{FAE04EC0-301F-11D3-BF4B-00C04F79EFBC}") = "Studentarray", "Studentarray.csproj", "{30B6EF67-2B9F-40FC-9C84-5BE503B6C416}"
EndProject
Global
	GlobalSection(SolutionConfigurationPlatforms) = preSolution
		Debug|Any CPU = Debug|Any CPU
		Release|Any CPU = Release|Any CPU
	EndGlobalSection
	GlobalSection(ProjectConfigurationPlatforms) = postSolution
		{30B6EF67-2B9F-40FC-9C84-5BE503B6C416}.Debug|Any CPU.ActiveCfg = Debug|Any CPU
		{30B6EF67-2B9F-40FC-9C84-5BE503B6C416}.Debug|Any CPU.Build.0 = Debug|Any CPU
		{30B6EF67-2B9F-40FC-9C84-5BE503B6C416}.Release|Any CPU.ActiveCfg = Release|Any CPU
		{30B6EF67-2B9F-40FC-9C84-5BE503B6C416}.Release|Any CPU.Build.0 = Release|Any CPU
	EndGlobalSection
	GlobalSection(SolutionProperties) = preSolution
		HideSolutionNode = FALSE
	EndGlobalSection
	GlobalSection(ExtensibilityGlobals) = postSolution
		SolutionGuid = {0559E5A0-A322-43B6-8443-1F675F8EDDAE}
	EndGlobalSection
EndGlobal
