
Microsoft Visual Studio Solution File, Format Version 12.00
# Visual Studio Version 16
VisualStudioVersion = 16.0.32002.261
MinimumVisualStudioVersion = 10.0.40219.1
Project("{FAE04EC0-301F-11D3-BF4B-00C04F79EFBC}") = "FinalAs", "FinalAs.csproj", "{570138DA-C76B-4944-A3DA-C1B098DD1EF0}"
EndProject
Global
	GlobalSection(SolutionConfigurationPlatforms) = preSolution
		Debug|Any CPU = Debug|Any CPU
		Release|Any CPU = Release|Any CPU
	EndGlobalSection
	GlobalSection(ProjectConfigurationPlatforms) = postSolution
		{570138DA-C76B-4944-A3DA-C1B098DD1EF0}.Debug|Any CPU.ActiveCfg = Debug|Any CPU
		{570138DA-C76B-4944-A3DA-C1B098DD1EF0}.Debug|Any CPU.Build.0 = Debug|Any CPU
		{570138DA-C76B-4944-A3DA-C1B098DD1EF0}.Release|Any CPU.ActiveCfg = Release|Any CPU
		{570138DA-C76B-4944-A3DA-C1B098DD1EF0}.Release|Any CPU.Build.0 = Release|Any CPU
	EndGlobalSection
	GlobalSection(SolutionProperties) = preSolution
		HideSolutionNode = FALSE
	EndGlobalSection
	GlobalSection(ExtensibilityGlobals) = postSolution
		SolutionGuid = {A5ED84AE-2D83-4AFA-B344-8893B7C21C1D}
	EndGlobalSection
EndGlobal
