
Microsoft Visual Studio Solution File, Format Version 12.00
# Visual Studio Version 16
VisualStudioVersion = 16.0.32002.261
MinimumVisualStudioVersion = 10.0.40219.1
Project("{FAE04EC0-301F-11D3-BF4B-00C04F79EFBC}") = "MethodAs2", "MethodAs2.csproj", "{0A0277C5-67D6-49E2-A909-5601BD8F6CAD}"
EndProject
Global
	GlobalSection(SolutionConfigurationPlatforms) = preSolution
		Debug|Any CPU = Debug|Any CPU
		Release|Any CPU = Release|Any CPU
	EndGlobalSection
	GlobalSection(ProjectConfigurationPlatforms) = postSolution
		{0A0277C5-67D6-49E2-A909-5601BD8F6CAD}.Debug|Any CPU.ActiveCfg = Debug|Any CPU
		{0A0277C5-67D6-49E2-A909-5601BD8F6CAD}.Debug|Any CPU.Build.0 = Debug|Any CPU
		{0A0277C5-67D6-49E2-A909-5601BD8F6CAD}.Release|Any CPU.ActiveCfg = Release|Any CPU
		{0A0277C5-67D6-49E2-A909-5601BD8F6CAD}.Release|Any CPU.Build.0 = Release|Any CPU
	EndGlobalSection
	GlobalSection(SolutionProperties) = preSolution
		HideSolutionNode = FALSE
	EndGlobalSection
	GlobalSection(ExtensibilityGlobals) = postSolution
		SolutionGuid = {16821C97-7F40-4306-A5FF-873F1629536E}
	EndGlobalSection
EndGlobal
